// !$*UTF8*$!
{
	archiveVersion = 1;
	classes = {
	};
	objectVersion = 51;
	objects = {

/* Begin PBXBuildFile section */
		8A03734A2367084F00330540 /* AlamofireBaseRequestService.swift in Sources */ = {isa = PBXBuildFile; fileRef = 8A0373492367084F00330540 /* AlamofireBaseRequestService.swift */; };
		8A03734C2367099400330540 /* NetworkHelper.swift in Sources */ = {isa = PBXBuildFile; fileRef = 8A03734B2367099400330540 /* NetworkHelper.swift */; };
		8A03734E23671F5700330540 /* DotaApiPath.swift in Sources */ = {isa = PBXBuildFile; fileRef = 8A03734D23671F5700330540 /* DotaApiPath.swift */; };
		8A0373522367202800330540 /* AlamofireSearchPlayerServise.swift in Sources */ = {isa = PBXBuildFile; fileRef = 8A0373512367202800330540 /* AlamofireSearchPlayerServise.swift */; };
		8A0373552367215000330540 /* BaseRequestService.swift in Sources */ = {isa = PBXBuildFile; fileRef = 8A0373542367215000330540 /* BaseRequestService.swift */; };
		8A037357236728C600330540 /* PlayerInfoModel.swift in Sources */ = {isa = PBXBuildFile; fileRef = 8A037356236728C600330540 /* PlayerInfoModel.swift */; };
		8A03735923672AFA00330540 /* PlayerServise.swift in Sources */ = {isa = PBXBuildFile; fileRef = 8A03735823672AFA00330540 /* PlayerServise.swift */; };
		8A03735D236826F700330540 /* PlayerCellViewModel.swift in Sources */ = {isa = PBXBuildFile; fileRef = 8A03735C236826F700330540 /* PlayerCellViewModel.swift */; };
		8A03736023683D4500330540 /* ExtensionSearchPlayerVC(SearchBar).swift in Sources */ = {isa = PBXBuildFile; fileRef = 8A03735F23683D4500330540 /* ExtensionSearchPlayerVC(SearchBar).swift */; };
		8A03736223683D8900330540 /* ExtensionSearchPlayerVC(TableView).swift in Sources */ = {isa = PBXBuildFile; fileRef = 8A03736123683D8900330540 /* ExtensionSearchPlayerVC(TableView).swift */; };
		8A25D8CB2374265E0092063B /* PlayerRankingsHeroesModel.swift in Sources */ = {isa = PBXBuildFile; fileRef = 8A25D8CA2374265E0092063B /* PlayerRankingsHeroesModel.swift */; };
		8A25D8CD237426DB0092063B /* PlayerWordCloudModel.swift in Sources */ = {isa = PBXBuildFile; fileRef = 8A25D8CC237426DB0092063B /* PlayerWordCloudModel.swift */; };
		8A25D8CF237427740092063B /* PlayerCountsModel.swift in Sources */ = {isa = PBXBuildFile; fileRef = 8A25D8CE237427740092063B /* PlayerCountsModel.swift */; };
		8A25D8D12374284B0092063B /* PlayerRecentMatchesModel.swift in Sources */ = {isa = PBXBuildFile; fileRef = 8A25D8D02374284B0092063B /* PlayerRecentMatchesModel.swift */; };
		8A25D8D3237429090092063B /* PlayerWinLoseModel.swift in Sources */ = {isa = PBXBuildFile; fileRef = 8A25D8D2237429090092063B /* PlayerWinLoseModel.swift */; };
		8A25D8D52374617A0092063B /* PlayerPlayHero.swift in Sources */ = {isa = PBXBuildFile; fileRef = 8A25D8D42374617A0092063B /* PlayerPlayHero.swift */; };
		8A25D8D7237461AE0092063B /* PlayerTotalActionInGame.swift in Sources */ = {isa = PBXBuildFile; fileRef = 8A25D8D6237461AE0092063B /* PlayerTotalActionInGame.swift */; };
		8A25D8D9237465250092063B /* HeroStatsModel.swift in Sources */ = {isa = PBXBuildFile; fileRef = 8A25D8D8237465250092063B /* HeroStatsModel.swift */; };
		8A25D8DC23746E030092063B /* AlamofireConstantsInfoServise.swift in Sources */ = {isa = PBXBuildFile; fileRef = 8A25D8DB23746E030092063B /* AlamofireConstantsInfoServise.swift */; };
		8A25D8DE2374726F0092063B /* PlayerDetailsApiServise.swift in Sources */ = {isa = PBXBuildFile; fileRef = 8A25D8DD2374726F0092063B /* PlayerDetailsApiServise.swift */; };
		8A25D8E12374729C0092063B /* ConstantsApiServise.swift in Sources */ = {isa = PBXBuildFile; fileRef = 8A25D8E02374729C0092063B /* ConstantsApiServise.swift */; };
		8A2F33232372C098009D271D /* SearchPlayerCoordinator.swift in Sources */ = {isa = PBXBuildFile; fileRef = 8A2F33222372C098009D271D /* SearchPlayerCoordinator.swift */; };
		8A2F332D2372CED6009D271D /* PlayerDetailsCoordinator.swift in Sources */ = {isa = PBXBuildFile; fileRef = 8A2F332C2372CED6009D271D /* PlayerDetailsCoordinator.swift */; };
		8A2F332F2372CF90009D271D /* PlayerDetailsViewModel.swift in Sources */ = {isa = PBXBuildFile; fileRef = 8A2F332E2372CF90009D271D /* PlayerDetailsViewModel.swift */; };
		8A2F33312372CFC4009D271D /* PlayerDetailsVC.swift in Sources */ = {isa = PBXBuildFile; fileRef = 8A2F33302372CFC4009D271D /* PlayerDetailsVC.swift */; };
		8A2F33332372D0A8009D271D /* PlayerDetailsViewModelType.swift in Sources */ = {isa = PBXBuildFile; fileRef = 8A2F33322372D0A8009D271D /* PlayerDetailsViewModelType.swift */; };
		8A2FEADD236C2D1700FF5D66 /* RealmDataBaseServise.swift in Sources */ = {isa = PBXBuildFile; fileRef = 8A2FEADC236C2D1700FF5D66 /* RealmDataBaseServise.swift */; };
		8A2FEAE0236C330700FF5D66 /* PlayerCellViewModelType.swift in Sources */ = {isa = PBXBuildFile; fileRef = 8A2FEADF236C330700FF5D66 /* PlayerCellViewModelType.swift */; };
		8A2FEAE2236C332500FF5D66 /* SearchPlayerViewModelType.swift in Sources */ = {isa = PBXBuildFile; fileRef = 8A2FEAE1236C332500FF5D66 /* SearchPlayerViewModelType.swift */; };
		8A2FEAE4236C335900FF5D66 /* PlayerTableViewModelType.swift in Sources */ = {isa = PBXBuildFile; fileRef = 8A2FEAE3236C335900FF5D66 /* PlayerTableViewModelType.swift */; };
		8A2FEAE7236C33CB00FF5D66 /* FavoritePlayersViewModel.swift in Sources */ = {isa = PBXBuildFile; fileRef = 8A2FEAE6236C33CB00FF5D66 /* FavoritePlayersViewModel.swift */; };
		8A2FEAE9236C345C00FF5D66 /* ExtensionPlayersVC(TableView).swift in Sources */ = {isa = PBXBuildFile; fileRef = 8A2FEAE8236C345C00FF5D66 /* ExtensionPlayersVC(TableView).swift */; };
		8A3766AD236C4BEA002BDAAC /* FavoritePlayersViewModelType.swift in Sources */ = {isa = PBXBuildFile; fileRef = 8A3766AC236C4BEA002BDAAC /* FavoritePlayersViewModelType.swift */; };
		8A3766B6236C58C8002BDAAC /* PlayerCellTableViewCell.swift in Sources */ = {isa = PBXBuildFile; fileRef = 8A3766B4236C58C8002BDAAC /* PlayerCellTableViewCell.swift */; };
		8A3766B7236C58C8002BDAAC /* PlayerCellTableViewCell.xib in Resources */ = {isa = PBXBuildFile; fileRef = 8A3766B5236C58C8002BDAAC /* PlayerCellTableViewCell.xib */; };
		8A379E61237041360017240A /* AppCoordinator.swift in Sources */ = {isa = PBXBuildFile; fileRef = 8A379E60237041360017240A /* AppCoordinator.swift */; };
		8A379E682371B96D0017240A /* FavoritePlayersCoordinator.swift in Sources */ = {isa = PBXBuildFile; fileRef = 8A379E672371B96D0017240A /* FavoritePlayersCoordinator.swift */; };
		8A379E6A2371B9C40017240A /* MatchesCoordinator.swift in Sources */ = {isa = PBXBuildFile; fileRef = 8A379E692371B9C40017240A /* MatchesCoordinator.swift */; };
		8A379E6E2371BA190017240A /* TabBarCoordinator.swift in Sources */ = {isa = PBXBuildFile; fileRef = 8A379E6D2371BA190017240A /* TabBarCoordinator.swift */; };
		8A379E702371BA520017240A /* Coordinator.swift in Sources */ = {isa = PBXBuildFile; fileRef = 8A379E6F2371BA520017240A /* Coordinator.swift */; };
		8A3E8134237305B800D27FB7 /* SearchPlayerViewModel.swift in Sources */ = {isa = PBXBuildFile; fileRef = 8A3E8133237305B800D27FB7 /* SearchPlayerViewModel.swift */; };
		8A7DB435237400A7000D1FF8 /* PlayerDetailsServise.swift in Sources */ = {isa = PBXBuildFile; fileRef = 8A7DB434237400A7000D1FF8 /* PlayerDetailsServise.swift */; };
		8A8C2EA02366EC840043928D /* AppDelegate.swift in Sources */ = {isa = PBXBuildFile; fileRef = 8A8C2E9F2366EC840043928D /* AppDelegate.swift */; };
		8A8C2EA42366EC840043928D /* FavoritePlayersVC.swift in Sources */ = {isa = PBXBuildFile; fileRef = 8A8C2EA32366EC840043928D /* FavoritePlayersVC.swift */; };
		8A8C2EA92366EC850043928D /* Assets.xcassets in Resources */ = {isa = PBXBuildFile; fileRef = 8A8C2EA82366EC850043928D /* Assets.xcassets */; };
		8A8C2EAC2366EC850043928D /* LaunchScreen.storyboard in Resources */ = {isa = PBXBuildFile; fileRef = 8A8C2EAA2366EC850043928D /* LaunchScreen.storyboard */; };
		8A8C2EB62366F1C00043928D /* R.generated.swift in Sources */ = {isa = PBXBuildFile; fileRef = 8A8C2EB52366F1C00043928D /* R.generated.swift */; };
		8AAC52382366F96100CB2621 /* Players.storyboard in Resources */ = {isa = PBXBuildFile; fileRef = 8AAC52372366F96100CB2621 /* Players.storyboard */; };
		8AAC523A2366F96C00CB2621 /* Matches.storyboard in Resources */ = {isa = PBXBuildFile; fileRef = 8AAC52392366F96C00CB2621 /* Matches.storyboard */; };
		8AAC523E2366FAAB00CB2621 /* MatchesVC.swift in Sources */ = {isa = PBXBuildFile; fileRef = 8AAC523D2366FAAB00CB2621 /* MatchesVC.swift */; };
		8AAC52402366FE1100CB2621 /* SearchPlayerVC.swift in Sources */ = {isa = PBXBuildFile; fileRef = 8AAC523F2366FE1100CB2621 /* SearchPlayerVC.swift */; };
		8AD314B7236B1DD500987A47 /* ProfileModel..swift in Sources */ = {isa = PBXBuildFile; fileRef = 8AD314B6236B1DD500987A47 /* ProfileModel..swift */; };
		8AD314B9236B338300987A47 /* DataBaseServise.swift in Sources */ = {isa = PBXBuildFile; fileRef = 8AD314B8236B338300987A47 /* DataBaseServise.swift */; };
		8AF6B941236859D900625F03 /* ResultsCode.swift in Sources */ = {isa = PBXBuildFile; fileRef = 8AF6B940236859D900625F03 /* ResultsCode.swift */; };
		8AF6B94323686F0100625F03 /* PlayerTableViewModel.swift in Sources */ = {isa = PBXBuildFile; fileRef = 8AF6B94223686F0100625F03 /* PlayerTableViewModel.swift */; };
		8AF6B94623687FEA00625F03 /* CustomImageView.swift in Sources */ = {isa = PBXBuildFile; fileRef = 8AF6B94523687FEA00625F03 /* CustomImageView.swift */; };
		A6B88CD034BE99A332928A20 /* Pods_Dota2Api.framework in Frameworks */ = {isa = PBXBuildFile; fileRef = 25867A4174F36FDB04344EC8 /* Pods_Dota2Api.framework */; };
/* End PBXBuildFile section */

/* Begin PBXFileReference section */
		25867A4174F36FDB04344EC8 /* Pods_Dota2Api.framework */ = {isa = PBXFileReference; explicitFileType = wrapper.framework; includeInIndex = 0; path = Pods_Dota2Api.framework; sourceTree = BUILT_PRODUCTS_DIR; };
		7D55C44A10F8F32E82E81BE6 /* Pods-Dota2Api.debug.xcconfig */ = {isa = PBXFileReference; includeInIndex = 1; lastKnownFileType = text.xcconfig; name = "Pods-Dota2Api.debug.xcconfig"; path = "Target Support Files/Pods-Dota2Api/Pods-Dota2Api.debug.xcconfig"; sourceTree = "<group>"; };
		8A0373492367084F00330540 /* AlamofireBaseRequestService.swift */ = {isa = PBXFileReference; lastKnownFileType = sourcecode.swift; path = AlamofireBaseRequestService.swift; sourceTree = "<group>"; };
		8A03734B2367099400330540 /* NetworkHelper.swift */ = {isa = PBXFileReference; lastKnownFileType = sourcecode.swift; path = NetworkHelper.swift; sourceTree = "<group>"; };
		8A03734D23671F5700330540 /* DotaApiPath.swift */ = {isa = PBXFileReference; lastKnownFileType = sourcecode.swift; path = DotaApiPath.swift; sourceTree = "<group>"; };
		8A0373512367202800330540 /* AlamofireSearchPlayerServise.swift */ = {isa = PBXFileReference; lastKnownFileType = sourcecode.swift; path = AlamofireSearchPlayerServise.swift; sourceTree = "<group>"; };
		8A0373542367215000330540 /* BaseRequestService.swift */ = {isa = PBXFileReference; lastKnownFileType = sourcecode.swift; path = BaseRequestService.swift; sourceTree = "<group>"; };
		8A037356236728C600330540 /* PlayerInfoModel.swift */ = {isa = PBXFileReference; lastKnownFileType = sourcecode.swift; path = PlayerInfoModel.swift; sourceTree = "<group>"; };
		8A03735823672AFA00330540 /* PlayerServise.swift */ = {isa = PBXFileReference; lastKnownFileType = sourcecode.swift; path = PlayerServise.swift; sourceTree = "<group>"; };
		8A03735C236826F700330540 /* PlayerCellViewModel.swift */ = {isa = PBXFileReference; lastKnownFileType = sourcecode.swift; path = PlayerCellViewModel.swift; sourceTree = "<group>"; };
		8A03735F23683D4500330540 /* ExtensionSearchPlayerVC(SearchBar).swift */ = {isa = PBXFileReference; lastKnownFileType = sourcecode.swift; path = "ExtensionSearchPlayerVC(SearchBar).swift"; sourceTree = "<group>"; };
		8A03736123683D8900330540 /* ExtensionSearchPlayerVC(TableView).swift */ = {isa = PBXFileReference; lastKnownFileType = sourcecode.swift; path = "ExtensionSearchPlayerVC(TableView).swift"; sourceTree = "<group>"; };
		8A25D8CA2374265E0092063B /* PlayerRankingsHeroesModel.swift */ = {isa = PBXFileReference; lastKnownFileType = sourcecode.swift; path = PlayerRankingsHeroesModel.swift; sourceTree = "<group>"; };
		8A25D8CC237426DB0092063B /* PlayerWordCloudModel.swift */ = {isa = PBXFileReference; lastKnownFileType = sourcecode.swift; path = PlayerWordCloudModel.swift; sourceTree = "<group>"; };
		8A25D8CE237427740092063B /* PlayerCountsModel.swift */ = {isa = PBXFileReference; lastKnownFileType = sourcecode.swift; path = PlayerCountsModel.swift; sourceTree = "<group>"; };
		8A25D8D02374284B0092063B /* PlayerRecentMatchesModel.swift */ = {isa = PBXFileReference; lastKnownFileType = sourcecode.swift; path = PlayerRecentMatchesModel.swift; sourceTree = "<group>"; };
		8A25D8D2237429090092063B /* PlayerWinLoseModel.swift */ = {isa = PBXFileReference; lastKnownFileType = sourcecode.swift; path = PlayerWinLoseModel.swift; sourceTree = "<group>"; };
		8A25D8D42374617A0092063B /* PlayerPlayHero.swift */ = {isa = PBXFileReference; lastKnownFileType = sourcecode.swift; path = PlayerPlayHero.swift; sourceTree = "<group>"; };
		8A25D8D6237461AE0092063B /* PlayerTotalActionInGame.swift */ = {isa = PBXFileReference; lastKnownFileType = sourcecode.swift; path = PlayerTotalActionInGame.swift; sourceTree = "<group>"; };
		8A25D8D8237465250092063B /* HeroStatsModel.swift */ = {isa = PBXFileReference; lastKnownFileType = sourcecode.swift; path = HeroStatsModel.swift; sourceTree = "<group>"; };
		8A25D8DB23746E030092063B /* AlamofireConstantsInfoServise.swift */ = {isa = PBXFileReference; lastKnownFileType = sourcecode.swift; path = AlamofireConstantsInfoServise.swift; sourceTree = "<group>"; };
		8A25D8DD2374726F0092063B /* PlayerDetailsApiServise.swift */ = {isa = PBXFileReference; lastKnownFileType = sourcecode.swift; path = PlayerDetailsApiServise.swift; sourceTree = "<group>"; };
		8A25D8E02374729C0092063B /* ConstantsApiServise.swift */ = {isa = PBXFileReference; lastKnownFileType = sourcecode.swift; path = ConstantsApiServise.swift; sourceTree = "<group>"; };
		8A2F33222372C098009D271D /* SearchPlayerCoordinator.swift */ = {isa = PBXFileReference; lastKnownFileType = sourcecode.swift; path = SearchPlayerCoordinator.swift; sourceTree = "<group>"; };
		8A2F332C2372CED6009D271D /* PlayerDetailsCoordinator.swift */ = {isa = PBXFileReference; lastKnownFileType = sourcecode.swift; path = PlayerDetailsCoordinator.swift; sourceTree = "<group>"; };
		8A2F332E2372CF90009D271D /* PlayerDetailsViewModel.swift */ = {isa = PBXFileReference; lastKnownFileType = sourcecode.swift; path = PlayerDetailsViewModel.swift; sourceTree = "<group>"; };
		8A2F33302372CFC4009D271D /* PlayerDetailsVC.swift */ = {isa = PBXFileReference; lastKnownFileType = sourcecode.swift; path = PlayerDetailsVC.swift; sourceTree = "<group>"; };
		8A2F33322372D0A8009D271D /* PlayerDetailsViewModelType.swift */ = {isa = PBXFileReference; lastKnownFileType = sourcecode.swift; path = PlayerDetailsViewModelType.swift; sourceTree = "<group>"; };
		8A2FEADC236C2D1700FF5D66 /* RealmDataBaseServise.swift */ = {isa = PBXFileReference; lastKnownFileType = sourcecode.swift; path = RealmDataBaseServise.swift; sourceTree = "<group>"; };
		8A2FEADF236C330700FF5D66 /* PlayerCellViewModelType.swift */ = {isa = PBXFileReference; lastKnownFileType = sourcecode.swift; path = PlayerCellViewModelType.swift; sourceTree = "<group>"; };
		8A2FEAE1236C332500FF5D66 /* SearchPlayerViewModelType.swift */ = {isa = PBXFileReference; lastKnownFileType = sourcecode.swift; path = SearchPlayerViewModelType.swift; sourceTree = "<group>"; };
		8A2FEAE3236C335900FF5D66 /* PlayerTableViewModelType.swift */ = {isa = PBXFileReference; lastKnownFileType = sourcecode.swift; path = PlayerTableViewModelType.swift; sourceTree = "<group>"; };
		8A2FEAE6236C33CB00FF5D66 /* FavoritePlayersViewModel.swift */ = {isa = PBXFileReference; lastKnownFileType = sourcecode.swift; path = FavoritePlayersViewModel.swift; sourceTree = "<group>"; };
		8A2FEAE8236C345C00FF5D66 /* ExtensionPlayersVC(TableView).swift */ = {isa = PBXFileReference; lastKnownFileType = sourcecode.swift; path = "ExtensionPlayersVC(TableView).swift"; sourceTree = "<group>"; };
		8A3766AC236C4BEA002BDAAC /* FavoritePlayersViewModelType.swift */ = {isa = PBXFileReference; lastKnownFileType = sourcecode.swift; path = FavoritePlayersViewModelType.swift; sourceTree = "<group>"; };
		8A3766B4236C58C8002BDAAC /* PlayerCellTableViewCell.swift */ = {isa = PBXFileReference; lastKnownFileType = sourcecode.swift; path = PlayerCellTableViewCell.swift; sourceTree = "<group>"; };
		8A3766B5236C58C8002BDAAC /* PlayerCellTableViewCell.xib */ = {isa = PBXFileReference; lastKnownFileType = file.xib; path = PlayerCellTableViewCell.xib; sourceTree = "<group>"; };
		8A379E60237041360017240A /* AppCoordinator.swift */ = {isa = PBXFileReference; lastKnownFileType = sourcecode.swift; path = AppCoordinator.swift; sourceTree = "<group>"; };
		8A379E672371B96D0017240A /* FavoritePlayersCoordinator.swift */ = {isa = PBXFileReference; lastKnownFileType = sourcecode.swift; path = FavoritePlayersCoordinator.swift; sourceTree = "<group>"; };
		8A379E692371B9C40017240A /* MatchesCoordinator.swift */ = {isa = PBXFileReference; lastKnownFileType = sourcecode.swift; path = MatchesCoordinator.swift; sourceTree = "<group>"; };
		8A379E6D2371BA190017240A /* TabBarCoordinator.swift */ = {isa = PBXFileReference; lastKnownFileType = sourcecode.swift; path = TabBarCoordinator.swift; sourceTree = "<group>"; };
		8A379E6F2371BA520017240A /* Coordinator.swift */ = {isa = PBXFileReference; lastKnownFileType = sourcecode.swift; path = Coordinator.swift; sourceTree = "<group>"; };
		8A3E8133237305B800D27FB7 /* SearchPlayerViewModel.swift */ = {isa = PBXFileReference; fileEncoding = 4; lastKnownFileType = sourcecode.swift; path = SearchPlayerViewModel.swift; sourceTree = "<group>"; };
		8A7DB434237400A7000D1FF8 /* PlayerDetailsServise.swift */ = {isa = PBXFileReference; lastKnownFileType = sourcecode.swift; path = PlayerDetailsServise.swift; sourceTree = "<group>"; };
		8A8C2E9C2366EC840043928D /* Dota2Api.app */ = {isa = PBXFileReference; explicitFileType = wrapper.application; includeInIndex = 0; path = Dota2Api.app; sourceTree = BUILT_PRODUCTS_DIR; };
		8A8C2E9F2366EC840043928D /* AppDelegate.swift */ = {isa = PBXFileReference; lastKnownFileType = sourcecode.swift; path = AppDelegate.swift; sourceTree = "<group>"; };
		8A8C2EA32366EC840043928D /* FavoritePlayersVC.swift */ = {isa = PBXFileReference; lastKnownFileType = sourcecode.swift; path = FavoritePlayersVC.swift; sourceTree = "<group>"; };
		8A8C2EA82366EC850043928D /* Assets.xcassets */ = {isa = PBXFileReference; lastKnownFileType = folder.assetcatalog; path = Assets.xcassets; sourceTree = "<group>"; };
		8A8C2EAB2366EC850043928D /* Base */ = {isa = PBXFileReference; lastKnownFileType = file.storyboard; name = Base; path = Base.lproj/LaunchScreen.storyboard; sourceTree = "<group>"; };
		8A8C2EAD2366EC850043928D /* Info.plist */ = {isa = PBXFileReference; lastKnownFileType = text.plist.xml; path = Info.plist; sourceTree = "<group>"; };
		8A8C2EB52366F1C00043928D /* R.generated.swift */ = {isa = PBXFileReference; fileEncoding = 4; lastKnownFileType = sourcecode.swift; path = R.generated.swift; sourceTree = "<group>"; };
		8AAC52372366F96100CB2621 /* Players.storyboard */ = {isa = PBXFileReference; lastKnownFileType = file.storyboard; path = Players.storyboard; sourceTree = "<group>"; };
		8AAC52392366F96C00CB2621 /* Matches.storyboard */ = {isa = PBXFileReference; lastKnownFileType = file.storyboard; path = Matches.storyboard; sourceTree = "<group>"; };
		8AAC523D2366FAAB00CB2621 /* MatchesVC.swift */ = {isa = PBXFileReference; lastKnownFileType = sourcecode.swift; path = MatchesVC.swift; sourceTree = "<group>"; };
		8AAC523F2366FE1100CB2621 /* SearchPlayerVC.swift */ = {isa = PBXFileReference; lastKnownFileType = sourcecode.swift; path = SearchPlayerVC.swift; sourceTree = "<group>"; };
		8AD314B6236B1DD500987A47 /* ProfileModel..swift */ = {isa = PBXFileReference; lastKnownFileType = sourcecode.swift; path = ProfileModel..swift; sourceTree = "<group>"; };
		8AD314B8236B338300987A47 /* DataBaseServise.swift */ = {isa = PBXFileReference; lastKnownFileType = sourcecode.swift; path = DataBaseServise.swift; sourceTree = "<group>"; };
		8AF6B940236859D900625F03 /* ResultsCode.swift */ = {isa = PBXFileReference; lastKnownFileType = sourcecode.swift; path = ResultsCode.swift; sourceTree = "<group>"; };
		8AF6B94223686F0100625F03 /* PlayerTableViewModel.swift */ = {isa = PBXFileReference; lastKnownFileType = sourcecode.swift; path = PlayerTableViewModel.swift; sourceTree = "<group>"; };
		8AF6B94523687FEA00625F03 /* CustomImageView.swift */ = {isa = PBXFileReference; lastKnownFileType = sourcecode.swift; path = CustomImageView.swift; sourceTree = "<group>"; };
		C2160F285C43BF57190D231B /* Pods-Dota2Api.release.xcconfig */ = {isa = PBXFileReference; includeInIndex = 1; lastKnownFileType = text.xcconfig; name = "Pods-Dota2Api.release.xcconfig"; path = "Target Support Files/Pods-Dota2Api/Pods-Dota2Api.release.xcconfig"; sourceTree = "<group>"; };
/* End PBXFileReference section */

/* Begin PBXFrameworksBuildPhase section */
		8A8C2E992366EC840043928D /* Frameworks */ = {
			isa = PBXFrameworksBuildPhase;
			buildActionMask = 2147483647;
			files = (
				A6B88CD034BE99A332928A20 /* Pods_Dota2Api.framework in Frameworks */,
			);
			runOnlyForDeploymentPostprocessing = 0;
		};
/* End PBXFrameworksBuildPhase section */

/* Begin PBXGroup section */
		42C6AADF2374A33A0027AF78 /* Protocols */ = {
			isa = PBXGroup;
			children = (
				8A379E6F2371BA520017240A /* Coordinator.swift */,
			);
			path = Protocols;
			sourceTree = "<group>";
		};
		486B500039E6B985D6265BB4 /* Frameworks */ = {
			isa = PBXGroup;
			children = (
				25867A4174F36FDB04344EC8 /* Pods_Dota2Api.framework */,
			);
			name = Frameworks;
			sourceTree = "<group>";
		};
		63765327419764EA020D4351 /* Pods */ = {
			isa = PBXGroup;
			children = (
				7D55C44A10F8F32E82E81BE6 /* Pods-Dota2Api.debug.xcconfig */,
				C2160F285C43BF57190D231B /* Pods-Dota2Api.release.xcconfig */,
			);
			path = Pods;
			sourceTree = "<group>";
		};
		8A037345236706BE00330540 /* Service */ = {
			isa = PBXGroup;
			children = (
				8A2FEADB236C2D0000FF5D66 /* DataBaseServise */,
				8A0373482367083300330540 /* Network */,
			);
			path = Service;
			sourceTree = "<group>";
		};
		8A0373482367083300330540 /* Network */ = {
			isa = PBXGroup;
			children = (
				8A0373532367212E00330540 /* BaseRequest */,
				8A25D8E3237472C30092063B /* DownloadConstants */,
				8A03734B2367099400330540 /* NetworkHelper.swift */,
				8AF6B940236859D900625F03 /* ResultsCode.swift */,
				8A03734D23671F5700330540 /* DotaApiPath.swift */,
			);
			path = Network;
			sourceTree = "<group>";
		};
		8A0373532367212E00330540 /* BaseRequest */ = {
			isa = PBXGroup;
			children = (
				8A0373542367215000330540 /* BaseRequestService.swift */,
				8A0373492367084F00330540 /* AlamofireBaseRequestService.swift */,
			);
			path = BaseRequest;
			sourceTree = "<group>";
		};
		8A04B9B7236702E600258F62 /* Cell */ = {
			isa = PBXGroup;
			children = (
				8A3766B4236C58C8002BDAAC /* PlayerCellTableViewCell.swift */,
				8A3766B5236C58C8002BDAAC /* PlayerCellTableViewCell.xib */,
			);
			path = Cell;
			sourceTree = "<group>";
		};
		8A25D8DA237466C70092063B /* Model */ = {
			isa = PBXGroup;
			children = (
				8A25D8D8237465250092063B /* HeroStatsModel.swift */,
			);
			path = Model;
			sourceTree = "<group>";
		};
		8A25D8DF237472830092063B /* Protocols */ = {
			isa = PBXGroup;
			children = (
				8A25D8DD2374726F0092063B /* PlayerDetailsApiServise.swift */,
			);
			path = Protocols;
			sourceTree = "<group>";
		};
		8A25D8E2237472A60092063B /* Protocols */ = {
			isa = PBXGroup;
			children = (
				8A25D8E02374729C0092063B /* ConstantsApiServise.swift */,
			);
			path = Protocols;
			sourceTree = "<group>";
		};
		8A25D8E3237472C30092063B /* DownloadConstants */ = {
			isa = PBXGroup;
			children = (
				8A25D8E2237472A60092063B /* Protocols */,
				8A25D8DB23746E030092063B /* AlamofireConstantsInfoServise.swift */,
			);
			path = DownloadConstants;
			sourceTree = "<group>";
		};
		8A2F33262372CDED009D271D /* Details */ = {
			isa = PBXGroup;
			children = (
				8A2F33272372CE2F009D271D /* Coordinator */,
				8A2F33282372CE3F009D271D /* View Model */,
				8A2F33292372CE46009D271D /* View */,
				8A2F332B2372CE95009D271D /* Servise */,
				8A2F332A2372CE8C009D271D /* Model */,
			);
			path = Details;
			sourceTree = "<group>";
		};
		8A2F33272372CE2F009D271D /* Coordinator */ = {
			isa = PBXGroup;
			children = (
				8A2F332C2372CED6009D271D /* PlayerDetailsCoordinator.swift */,
			);
			path = Coordinator;
			sourceTree = "<group>";
		};
		8A2F33282372CE3F009D271D /* View Model */ = {
			isa = PBXGroup;
			children = (
				8A2F33342372D1D5009D271D /* Protocols */,
				8A2F332E2372CF90009D271D /* PlayerDetailsViewModel.swift */,
			);
			path = "View Model";
			sourceTree = "<group>";
		};
		8A2F33292372CE46009D271D /* View */ = {
			isa = PBXGroup;
			children = (
				8A2F33302372CFC4009D271D /* PlayerDetailsVC.swift */,
			);
			path = View;
			sourceTree = "<group>";
		};
		8A2F332A2372CE8C009D271D /* Model */ = {
			isa = PBXGroup;
			children = (
				8A25D8CA2374265E0092063B /* PlayerRankingsHeroesModel.swift */,
				8A25D8CE237427740092063B /* PlayerCountsModel.swift */,
				8A25D8CC237426DB0092063B /* PlayerWordCloudModel.swift */,
				8A25D8D02374284B0092063B /* PlayerRecentMatchesModel.swift */,
				8A25D8D2237429090092063B /* PlayerWinLoseModel.swift */,
				8A25D8D42374617A0092063B /* PlayerPlayHero.swift */,
				8A25D8D6237461AE0092063B /* PlayerTotalActionInGame.swift */,
			);
			path = Model;
			sourceTree = "<group>";
		};
		8A2F332B2372CE95009D271D /* Servise */ = {
			isa = PBXGroup;
			children = (
				8A7DB43623740108000D1FF8 /* Network */,
			);
			path = Servise;
			sourceTree = "<group>";
		};
		8A2F33342372D1D5009D271D /* Protocols */ = {
			isa = PBXGroup;
			children = (
				8A2F33322372D0A8009D271D /* PlayerDetailsViewModelType.swift */,
			);
			path = Protocols;
			sourceTree = "<group>";
		};
		8A2FEAD9236C1BF200FF5D66 /* Network */ = {
			isa = PBXGroup;
			children = (
				8A03735823672AFA00330540 /* PlayerServise.swift */,
				8A0373512367202800330540 /* AlamofireSearchPlayerServise.swift */,
			);
			path = Network;
			sourceTree = "<group>";
		};
		8A2FEADB236C2D0000FF5D66 /* DataBaseServise */ = {
			isa = PBXGroup;
			children = (
				8AD314B8236B338300987A47 /* DataBaseServise.swift */,
				8A2FEADC236C2D1700FF5D66 /* RealmDataBaseServise.swift */,
			);
			path = DataBaseServise;
			sourceTree = "<group>";
		};
		8A2FEADE236C32FB00FF5D66 /* Protocols */ = {
			isa = PBXGroup;
			children = (
				8A2FEAE1236C332500FF5D66 /* SearchPlayerViewModelType.swift */,
			);
			path = Protocols;
			sourceTree = "<group>";
		};
		8A3766AB236C3FFF002BDAAC /* Protocols */ = {
			isa = PBXGroup;
			children = (
				8A3766AC236C4BEA002BDAAC /* FavoritePlayersViewModelType.swift */,
				8A2FEAE3236C335900FF5D66 /* PlayerTableViewModelType.swift */,
				8A2FEADF236C330700FF5D66 /* PlayerCellViewModelType.swift */,
			);
			path = Protocols;
			sourceTree = "<group>";
		};
		8A379E662371B94B0017240A /* Coordinator */ = {
			isa = PBXGroup;
			children = (
				8A379E672371B96D0017240A /* FavoritePlayersCoordinator.swift */,
			);
			path = Coordinator;
			sourceTree = "<group>";
		};
		8A379E6B2371B9E90017240A /* Coordinator */ = {
			isa = PBXGroup;
			children = (
				8A379E692371B9C40017240A /* MatchesCoordinator.swift */,
			);
			path = Coordinator;
			sourceTree = "<group>";
		};
		8A379E6C2371BA000017240A /* Coordinator */ = {
			isa = PBXGroup;
			children = (
				42C6AADF2374A33A0027AF78 /* Protocols */,
				8A379E6D2371BA190017240A /* TabBarCoordinator.swift */,
			);
			path = Coordinator;
			sourceTree = "<group>";
		};
		8A379E712371C2900017240A /* Storyboard */ = {
			isa = PBXGroup;
			children = (
				8AAC52392366F96C00CB2621 /* Matches.storyboard */,
			);
			path = Storyboard;
			sourceTree = "<group>";
		};
		8A7DB43623740108000D1FF8 /* Network */ = {
			isa = PBXGroup;
			children = (
				8A25D8DF237472830092063B /* Protocols */,
				8A7DB434237400A7000D1FF8 /* PlayerDetailsServise.swift */,
			);
			path = Network;
			sourceTree = "<group>";
		};
		8A8C2E932366EC840043928D = {
			isa = PBXGroup;
			children = (
				8A8C2E9E2366EC840043928D /* Dota2Api */,
				8A8C2E9D2366EC840043928D /* Products */,
				63765327419764EA020D4351 /* Pods */,
				486B500039E6B985D6265BB4 /* Frameworks */,
			);
			sourceTree = "<group>";
		};
		8A8C2E9D2366EC840043928D /* Products */ = {
			isa = PBXGroup;
			children = (
				8A8C2E9C2366EC840043928D /* Dota2Api.app */,
			);
			name = Products;
			sourceTree = "<group>";
		};
		8A8C2E9E2366EC840043928D /* Dota2Api */ = {
			isa = PBXGroup;
			children = (
				8AD314B0236B1C1400987A47 /* ApplicationFile */,
				8AD314B2236B1C6500987A47 /* Global */,
				8AD314A9236B16D500987A47 /* Modules */,
				8A8C2EB42366F0040043928D /* Resources */,
				8AF6B94423687FAD00625F03 /* Common */,
			);
			path = Dota2Api;
			sourceTree = "<group>";
		};
		8A8C2EB42366F0040043928D /* Resources */ = {
			isa = PBXGroup;
			children = (
				8A8C2EAD2366EC850043928D /* Info.plist */,
				8A8C2EB52366F1C00043928D /* R.generated.swift */,
				8A8C2EA82366EC850043928D /* Assets.xcassets */,
			);
			path = Resources;
			sourceTree = "<group>";
		};
		8A9CC192237302B000FB8F09 /* Players */ = {
			isa = PBXGroup;
			children = (
				8AE362802372B374001E463B /* Favorite */,
				8AE3627F2372B35B001E463B /* Search */,
				8A2F33262372CDED009D271D /* Details */,
				8AD314AE236B1BB200987A47 /* Storybard */,
			);
			path = Players;
			sourceTree = "<group>";
		};
		8AAC52342366F29A00CB2621 /* View */ = {
			isa = PBXGroup;
			children = (
				8AAC52362366F2DB00CB2621 /* Launch */,
			);
			path = View;
			sourceTree = "<group>";
		};
		8AAC52362366F2DB00CB2621 /* Launch */ = {
			isa = PBXGroup;
			children = (
				8A8C2EAA2366EC850043928D /* LaunchScreen.storyboard */,
			);
			path = Launch;
			sourceTree = "<group>";
		};
		8AAC523B2366FA5A00CB2621 /* ScreenView */ = {
			isa = PBXGroup;
			children = (
				8AAC523F2366FE1100CB2621 /* SearchPlayerVC.swift */,
				8A03736123683D8900330540 /* ExtensionSearchPlayerVC(TableView).swift */,
				8A03735F23683D4500330540 /* ExtensionSearchPlayerVC(SearchBar).swift */,
			);
			path = ScreenView;
			sourceTree = "<group>";
		};
		8AAC523C2366FA8000CB2621 /* Matches */ = {
			isa = PBXGroup;
			children = (
				8AAC523D2366FAAB00CB2621 /* MatchesVC.swift */,
			);
			path = Matches;
			sourceTree = "<group>";
		};
		8AD314A9236B16D500987A47 /* Modules */ = {
			isa = PBXGroup;
			children = (
				8A9CC192237302B000FB8F09 /* Players */,
				8AD314B1236B1C3B00987A47 /* Matches */,
			);
			path = Modules;
			sourceTree = "<group>";
		};
		8AD314AA236B1ADB00987A47 /* Model */ = {
			isa = PBXGroup;
			children = (
				8A037356236728C600330540 /* PlayerInfoModel.swift */,
				8AD314B6236B1DD500987A47 /* ProfileModel..swift */,
			);
			path = Model;
			sourceTree = "<group>";
		};
		8AD314AB236B1AE300987A47 /* View Model */ = {
			isa = PBXGroup;
			children = (
				8A3766AB236C3FFF002BDAAC /* Protocols */,
				8A2FEAE6236C33CB00FF5D66 /* FavoritePlayersViewModel.swift */,
				8AF6B94223686F0100625F03 /* PlayerTableViewModel.swift */,
				8A03735C236826F700330540 /* PlayerCellViewModel.swift */,
			);
			path = "View Model";
			sourceTree = "<group>";
		};
		8AD314AC236B1AF100987A47 /* View */ = {
			isa = PBXGroup;
			children = (
				8AD314B3236B1D1C00987A47 /* ScreenView */,
				8A04B9B7236702E600258F62 /* Cell */,
			);
			path = View;
			sourceTree = "<group>";
		};
		8AD314AE236B1BB200987A47 /* Storybard */ = {
			isa = PBXGroup;
			children = (
				8AAC52372366F96100CB2621 /* Players.storyboard */,
			);
			path = Storybard;
			sourceTree = "<group>";
		};
		8AD314AF236B1BED00987A47 /* Servise */ = {
			isa = PBXGroup;
			children = (
				8A2FEAD9236C1BF200FF5D66 /* Network */,
			);
			path = Servise;
			sourceTree = "<group>";
		};
		8AD314B0236B1C1400987A47 /* ApplicationFile */ = {
			isa = PBXGroup;
			children = (
				8A379E60237041360017240A /* AppCoordinator.swift */,
				8A8C2E9F2366EC840043928D /* AppDelegate.swift */,
			);
			path = ApplicationFile;
			sourceTree = "<group>";
		};
		8AD314B1236B1C3B00987A47 /* Matches */ = {
			isa = PBXGroup;
			children = (
				8AAC523C2366FA8000CB2621 /* Matches */,
				8A379E6B2371B9E90017240A /* Coordinator */,
				8A379E712371C2900017240A /* Storyboard */,
			);
			path = Matches;
			sourceTree = "<group>";
		};
		8AD314B2236B1C6500987A47 /* Global */ = {
			isa = PBXGroup;
			children = (
				8A379E6C2371BA000017240A /* Coordinator */,
				8A037345236706BE00330540 /* Service */,
				8AAC52342366F29A00CB2621 /* View */,
				8A25D8DA237466C70092063B /* Model */,
			);
			path = Global;
			sourceTree = "<group>";
		};
		8AD314B3236B1D1C00987A47 /* ScreenView */ = {
			isa = PBXGroup;
			children = (
				8A8C2EA32366EC840043928D /* FavoritePlayersVC.swift */,
				8A2FEAE8236C345C00FF5D66 /* ExtensionPlayersVC(TableView).swift */,
			);
			path = ScreenView;
			sourceTree = "<group>";
		};
		8AE3627F2372B35B001E463B /* Search */ = {
			isa = PBXGroup;
			children = (
				8AE362842372B3AF001E463B /* Coordinator */,
				8AE362812372B39D001E463B /* View Model */,
				8AE362822372B3A4001E463B /* View */,
				8AD314AA236B1ADB00987A47 /* Model */,
				8AD314AF236B1BED00987A47 /* Servise */,
			);
			path = Search;
			sourceTree = "<group>";
		};
		8AE362802372B374001E463B /* Favorite */ = {
			isa = PBXGroup;
			children = (
				8A379E662371B94B0017240A /* Coordinator */,
				8AD314AB236B1AE300987A47 /* View Model */,
				8AD314AC236B1AF100987A47 /* View */,
			);
			path = Favorite;
			sourceTree = "<group>";
		};
		8AE362812372B39D001E463B /* View Model */ = {
			isa = PBXGroup;
			children = (
				8A2FEADE236C32FB00FF5D66 /* Protocols */,
				8A3E8133237305B800D27FB7 /* SearchPlayerViewModel.swift */,
			);
			path = "View Model";
			sourceTree = "<group>";
		};
		8AE362822372B3A4001E463B /* View */ = {
			isa = PBXGroup;
			children = (
				8AAC523B2366FA5A00CB2621 /* ScreenView */,
			);
			path = View;
			sourceTree = "<group>";
		};
		8AE362842372B3AF001E463B /* Coordinator */ = {
			isa = PBXGroup;
			children = (
				8A2F33222372C098009D271D /* SearchPlayerCoordinator.swift */,
			);
			path = Coordinator;
			sourceTree = "<group>";
		};
		8AF6B94423687FAD00625F03 /* Common */ = {
			isa = PBXGroup;
			children = (
				8AF6B94523687FEA00625F03 /* CustomImageView.swift */,
			);
			path = Common;
			sourceTree = "<group>";
		};
/* End PBXGroup section */

/* Begin PBXNativeTarget section */
		8A8C2E9B2366EC840043928D /* Dota2Api */ = {
			isa = PBXNativeTarget;
			buildConfigurationList = 8A8C2EB02366EC850043928D /* Build configuration list for PBXNativeTarget "Dota2Api" */;
			buildPhases = (
				BBE7A07BC7BAE52ECDBAC7FC /* [CP] Check Pods Manifest.lock */,
				8A8C2E982366EC840043928D /* Sources */,
				8A8C2E992366EC840043928D /* Frameworks */,
				8A8C2E9A2366EC840043928D /* Resources */,
				060BC7656E80586A7E50E686 /* [CP] Embed Pods Frameworks */,
				8A8C2EB32366EFCC0043928D /* Run Script R.swift */,
			);
			buildRules = (
			);
			dependencies = (
			);
			name = Dota2Api;
			productName = Dota2Api;
			productReference = 8A8C2E9C2366EC840043928D /* Dota2Api.app */;
			productType = "com.apple.product-type.application";
		};
/* End PBXNativeTarget section */

/* Begin PBXProject section */
		8A8C2E942366EC840043928D /* Project object */ = {
			isa = PBXProject;
			attributes = {
				LastSwiftUpdateCheck = 1110;
				LastUpgradeCheck = 1110;
				TargetAttributes = {
					8A8C2E9B2366EC840043928D = {
						CreatedOnToolsVersion = 11.1;
					};
				};
			};
			buildConfigurationList = 8A8C2E972366EC840043928D /* Build configuration list for PBXProject "Dota2Api" */;
			compatibilityVersion = "Xcode 9.3";
			developmentRegion = en;
			hasScannedForEncodings = 0;
			knownRegions = (
				en,
				Base,
			);
			mainGroup = 8A8C2E932366EC840043928D;
			productRefGroup = 8A8C2E9D2366EC840043928D /* Products */;
			projectDirPath = "";
			projectRoot = "";
			targets = (
				8A8C2E9B2366EC840043928D /* Dota2Api */,
			);
		};
/* End PBXProject section */

/* Begin PBXResourcesBuildPhase section */
		8A8C2E9A2366EC840043928D /* Resources */ = {
			isa = PBXResourcesBuildPhase;
			buildActionMask = 2147483647;
			files = (
				8A8C2EAC2366EC850043928D /* LaunchScreen.storyboard in Resources */,
				8AAC52382366F96100CB2621 /* Players.storyboard in Resources */,
				8AAC523A2366F96C00CB2621 /* Matches.storyboard in Resources */,
				8A8C2EA92366EC850043928D /* Assets.xcassets in Resources */,
				8A3766B7236C58C8002BDAAC /* PlayerCellTableViewCell.xib in Resources */,
			);
			runOnlyForDeploymentPostprocessing = 0;
		};
/* End PBXResourcesBuildPhase section */

/* Begin PBXShellScriptBuildPhase section */
		060BC7656E80586A7E50E686 /* [CP] Embed Pods Frameworks */ = {
			isa = PBXShellScriptBuildPhase;
			buildActionMask = 2147483647;
			files = (
			);
			inputFileListPaths = (
				"${PODS_ROOT}/Target Support Files/Pods-Dota2Api/Pods-Dota2Api-frameworks-${CONFIGURATION}-input-files.xcfilelist",
			);
			name = "[CP] Embed Pods Frameworks";
			outputFileListPaths = (
				"${PODS_ROOT}/Target Support Files/Pods-Dota2Api/Pods-Dota2Api-frameworks-${CONFIGURATION}-output-files.xcfilelist",
			);
			runOnlyForDeploymentPostprocessing = 0;
			shellPath = /bin/sh;
			shellScript = "\"${PODS_ROOT}/Target Support Files/Pods-Dota2Api/Pods-Dota2Api-frameworks.sh\"\n";
			showEnvVarsInLog = 0;
		};
		8A8C2EB32366EFCC0043928D /* Run Script R.swift */ = {
			isa = PBXShellScriptBuildPhase;
			buildActionMask = 2147483647;
			files = (
			);
			inputFileListPaths = (
			);
			inputPaths = (
			);
			name = "Run Script R.swift";
			outputFileListPaths = (
			);
			outputPaths = (
			);
			runOnlyForDeploymentPostprocessing = 0;
			shellPath = /bin/sh;
			shellScript = "# Type a script or drag a script file from your workspace to insert its path.\n\"$PODS_ROOT/R.swift/rswift\" generate --disable-input-output-files-validation \"$SRCROOT/Dota2Api/Resources/R.generated.swift\"\n";
		};
		BBE7A07BC7BAE52ECDBAC7FC /* [CP] Check Pods Manifest.lock */ = {
			isa = PBXShellScriptBuildPhase;
			buildActionMask = 2147483647;
			files = (
			);
			inputFileListPaths = (
			);
			inputPaths = (
				"${PODS_PODFILE_DIR_PATH}/Podfile.lock",
				"${PODS_ROOT}/Manifest.lock",
			);
			name = "[CP] Check Pods Manifest.lock";
			outputFileListPaths = (
			);
			outputPaths = (
				"$(DERIVED_FILE_DIR)/Pods-Dota2Api-checkManifestLockResult.txt",
			);
			runOnlyForDeploymentPostprocessing = 0;
			shellPath = /bin/sh;
			shellScript = "diff \"${PODS_PODFILE_DIR_PATH}/Podfile.lock\" \"${PODS_ROOT}/Manifest.lock\" > /dev/null\nif [ $? != 0 ] ; then\n    # print error to STDERR\n    echo \"error: The sandbox is not in sync with the Podfile.lock. Run 'pod install' or update your CocoaPods installation.\" >&2\n    exit 1\nfi\n# This output is used by Xcode 'outputs' to avoid re-running this script phase.\necho \"SUCCESS\" > \"${SCRIPT_OUTPUT_FILE_0}\"\n";
			showEnvVarsInLog = 0;
		};
/* End PBXShellScriptBuildPhase section */

/* Begin PBXSourcesBuildPhase section */
		8A8C2E982366EC840043928D /* Sources */ = {
			isa = PBXSourcesBuildPhase;
			buildActionMask = 2147483647;
			files = (
				8A03735923672AFA00330540 /* PlayerServise.swift in Sources */,
				8AD314B7236B1DD500987A47 /* ProfileModel..swift in Sources */,
				8A25D8DC23746E030092063B /* AlamofireConstantsInfoServise.swift in Sources */,
				8A379E61237041360017240A /* AppCoordinator.swift in Sources */,
				8A3766AD236C4BEA002BDAAC /* FavoritePlayersViewModelType.swift in Sources */,
				8A0373552367215000330540 /* BaseRequestService.swift in Sources */,
				8A379E682371B96D0017240A /* FavoritePlayersCoordinator.swift in Sources */,
				8A2F33232372C098009D271D /* SearchPlayerCoordinator.swift in Sources */,
				8A25D8DE2374726F0092063B /* PlayerDetailsApiServise.swift in Sources */,
				8A2FEAE7236C33CB00FF5D66 /* FavoritePlayersViewModel.swift in Sources */,
				8A3E8134237305B800D27FB7 /* SearchPlayerViewModel.swift in Sources */,
				8A25D8D12374284B0092063B /* PlayerRecentMatchesModel.swift in Sources */,
				8A7DB435237400A7000D1FF8 /* PlayerDetailsServise.swift in Sources */,
				8A2F33312372CFC4009D271D /* PlayerDetailsVC.swift in Sources */,
				8AAC523E2366FAAB00CB2621 /* MatchesVC.swift in Sources */,
				8AF6B941236859D900625F03 /* ResultsCode.swift in Sources */,
				8A03734C2367099400330540 /* NetworkHelper.swift in Sources */,
				8A25D8D3237429090092063B /* PlayerWinLoseModel.swift in Sources */,
				8A379E702371BA520017240A /* Coordinator.swift in Sources */,
				8A0373522367202800330540 /* AlamofireSearchPlayerServise.swift in Sources */,
				8A2FEAE4236C335900FF5D66 /* PlayerTableViewModelType.swift in Sources */,
				8A2F33332372D0A8009D271D /* PlayerDetailsViewModelType.swift in Sources */,
				8A2FEADD236C2D1700FF5D66 /* RealmDataBaseServise.swift in Sources */,
				8A03734A2367084F00330540 /* AlamofireBaseRequestService.swift in Sources */,
				8A25D8D7237461AE0092063B /* PlayerTotalActionInGame.swift in Sources */,
				8A8C2EA42366EC840043928D /* FavoritePlayersVC.swift in Sources */,
				8A2F332D2372CED6009D271D /* PlayerDetailsCoordinator.swift in Sources */,
				8A2FEAE2236C332500FF5D66 /* SearchPlayerViewModelType.swift in Sources */,
				8A25D8E12374729C0092063B /* ConstantsApiServise.swift in Sources */,
				8A2FEAE0236C330700FF5D66 /* PlayerCellViewModelType.swift in Sources */,
				8A2FEAE9236C345C00FF5D66 /* ExtensionPlayersVC(TableView).swift in Sources */,
				8AF6B94623687FEA00625F03 /* CustomImageView.swift in Sources */,
				8A8C2EA02366EC840043928D /* AppDelegate.swift in Sources */,
				8A25D8D52374617A0092063B /* PlayerPlayHero.swift in Sources */,
				8A25D8CF237427740092063B /* PlayerCountsModel.swift in Sources */,
				8A379E6E2371BA190017240A /* TabBarCoordinator.swift in Sources */,
				8A03736023683D4500330540 /* ExtensionSearchPlayerVC(SearchBar).swift in Sources */,
				8AAC52402366FE1100CB2621 /* SearchPlayerVC.swift in Sources */,
				8A037357236728C600330540 /* PlayerInfoModel.swift in Sources */,
				8AF6B94323686F0100625F03 /* PlayerTableViewModel.swift in Sources */,
				8A25D8D9237465250092063B /* HeroStatsModel.swift in Sources */,
				8A03736223683D8900330540 /* ExtensionSearchPlayerVC(TableView).swift in Sources */,
				8A25D8CB2374265E0092063B /* PlayerRankingsHeroesModel.swift in Sources */,
				8A03735D236826F700330540 /* PlayerCellViewModel.swift in Sources */,
				8A8C2EB62366F1C00043928D /* R.generated.swift in Sources */,
				8A03734E23671F5700330540 /* DotaApiPath.swift in Sources */,
				8A3766B6236C58C8002BDAAC /* PlayerCellTableViewCell.swift in Sources */,
				8A379E6A2371B9C40017240A /* MatchesCoordinator.swift in Sources */,
				8A25D8CD237426DB0092063B /* PlayerWordCloudModel.swift in Sources */,
				8A2F332F2372CF90009D271D /* PlayerDetailsViewModel.swift in Sources */,
				8AD314B9236B338300987A47 /* DataBaseServise.swift in Sources */,
			);
			runOnlyForDeploymentPostprocessing = 0;
		};
/* End PBXSourcesBuildPhase section */

/* Begin PBXVariantGroup section */
		8A8C2EAA2366EC850043928D /* LaunchScreen.storyboard */ = {
			isa = PBXVariantGroup;
			children = (
				8A8C2EAB2366EC850043928D /* Base */,
			);
			name = LaunchScreen.storyboard;
			sourceTree = "<group>";
		};
/* End PBXVariantGroup section */

/* Begin XCBuildConfiguration section */
		8A8C2EAE2366EC850043928D /* Debug */ = {
			isa = XCBuildConfiguration;
			buildSettings = {
				ALWAYS_SEARCH_USER_PATHS = NO;
				CLANG_ANALYZER_NONNULL = YES;
				CLANG_ANALYZER_NUMBER_OBJECT_CONVERSION = YES_AGGRESSIVE;
				CLANG_CXX_LANGUAGE_STANDARD = "gnu++14";
				CLANG_CXX_LIBRARY = "libc++";
				CLANG_ENABLE_MODULES = YES;
				CLANG_ENABLE_OBJC_ARC = YES;
				CLANG_ENABLE_OBJC_WEAK = YES;
				CLANG_WARN_BLOCK_CAPTURE_AUTORELEASING = YES;
				CLANG_WARN_BOOL_CONVERSION = YES;
				CLANG_WARN_COMMA = YES;
				CLANG_WARN_CONSTANT_CONVERSION = YES;
				CLANG_WARN_DEPRECATED_OBJC_IMPLEMENTATIONS = YES;
				CLANG_WARN_DIRECT_OBJC_ISA_USAGE = YES_ERROR;
				CLANG_WARN_DOCUMENTATION_COMMENTS = YES;
				CLANG_WARN_EMPTY_BODY = YES;
				CLANG_WARN_ENUM_CONVERSION = YES;
				CLANG_WARN_INFINITE_RECURSION = YES;
				CLANG_WARN_INT_CONVERSION = YES;
				CLANG_WARN_NON_LITERAL_NULL_CONVERSION = YES;
				CLANG_WARN_OBJC_IMPLICIT_RETAIN_SELF = YES;
				CLANG_WARN_OBJC_LITERAL_CONVERSION = YES;
				CLANG_WARN_OBJC_ROOT_CLASS = YES_ERROR;
				CLANG_WARN_RANGE_LOOP_ANALYSIS = YES;
				CLANG_WARN_STRICT_PROTOTYPES = YES;
				CLANG_WARN_SUSPICIOUS_MOVE = YES;
				CLANG_WARN_UNGUARDED_AVAILABILITY = YES_AGGRESSIVE;
				CLANG_WARN_UNREACHABLE_CODE = YES;
				CLANG_WARN__DUPLICATE_METHOD_MATCH = YES;
				COPY_PHASE_STRIP = NO;
				DEBUG_INFORMATION_FORMAT = dwarf;
				ENABLE_STRICT_OBJC_MSGSEND = YES;
				ENABLE_TESTABILITY = YES;
				GCC_C_LANGUAGE_STANDARD = gnu11;
				GCC_DYNAMIC_NO_PIC = NO;
				GCC_NO_COMMON_BLOCKS = YES;
				GCC_OPTIMIZATION_LEVEL = 0;
				GCC_PREPROCESSOR_DEFINITIONS = (
					"DEBUG=1",
					"$(inherited)",
				);
				GCC_WARN_64_TO_32_BIT_CONVERSION = YES;
				GCC_WARN_ABOUT_RETURN_TYPE = YES_ERROR;
				GCC_WARN_UNDECLARED_SELECTOR = YES;
				GCC_WARN_UNINITIALIZED_AUTOS = YES_AGGRESSIVE;
				GCC_WARN_UNUSED_FUNCTION = YES;
				GCC_WARN_UNUSED_VARIABLE = YES;
				IPHONEOS_DEPLOYMENT_TARGET = 13.1;
				MTL_ENABLE_DEBUG_INFO = INCLUDE_SOURCE;
				MTL_FAST_MATH = YES;
				ONLY_ACTIVE_ARCH = YES;
				SDKROOT = iphoneos;
				SWIFT_ACTIVE_COMPILATION_CONDITIONS = DEBUG;
				SWIFT_OPTIMIZATION_LEVEL = "-Onone";
			};
			name = Debug;
		};
		8A8C2EAF2366EC850043928D /* Release */ = {
			isa = XCBuildConfiguration;
			buildSettings = {
				ALWAYS_SEARCH_USER_PATHS = NO;
				CLANG_ANALYZER_NONNULL = YES;
				CLANG_ANALYZER_NUMBER_OBJECT_CONVERSION = YES_AGGRESSIVE;
				CLANG_CXX_LANGUAGE_STANDARD = "gnu++14";
				CLANG_CXX_LIBRARY = "libc++";
				CLANG_ENABLE_MODULES = YES;
				CLANG_ENABLE_OBJC_ARC = YES;
				CLANG_ENABLE_OBJC_WEAK = YES;
				CLANG_WARN_BLOCK_CAPTURE_AUTORELEASING = YES;
				CLANG_WARN_BOOL_CONVERSION = YES;
				CLANG_WARN_COMMA = YES;
				CLANG_WARN_CONSTANT_CONVERSION = YES;
				CLANG_WARN_DEPRECATED_OBJC_IMPLEMENTATIONS = YES;
				CLANG_WARN_DIRECT_OBJC_ISA_USAGE = YES_ERROR;
				CLANG_WARN_DOCUMENTATION_COMMENTS = YES;
				CLANG_WARN_EMPTY_BODY = YES;
				CLANG_WARN_ENUM_CONVERSION = YES;
				CLANG_WARN_INFINITE_RECURSION = YES;
				CLANG_WARN_INT_CONVERSION = YES;
				CLANG_WARN_NON_LITERAL_NULL_CONVERSION = YES;
				CLANG_WARN_OBJC_IMPLICIT_RETAIN_SELF = YES;
				CLANG_WARN_OBJC_LITERAL_CONVERSION = YES;
				CLANG_WARN_OBJC_ROOT_CLASS = YES_ERROR;
				CLANG_WARN_RANGE_LOOP_ANALYSIS = YES;
				CLANG_WARN_STRICT_PROTOTYPES = YES;
				CLANG_WARN_SUSPICIOUS_MOVE = YES;
				CLANG_WARN_UNGUARDED_AVAILABILITY = YES_AGGRESSIVE;
				CLANG_WARN_UNREACHABLE_CODE = YES;
				CLANG_WARN__DUPLICATE_METHOD_MATCH = YES;
				COPY_PHASE_STRIP = NO;
				DEBUG_INFORMATION_FORMAT = "dwarf-with-dsym";
				ENABLE_NS_ASSERTIONS = NO;
				ENABLE_STRICT_OBJC_MSGSEND = YES;
				GCC_C_LANGUAGE_STANDARD = gnu11;
				GCC_NO_COMMON_BLOCKS = YES;
				GCC_WARN_64_TO_32_BIT_CONVERSION = YES;
				GCC_WARN_ABOUT_RETURN_TYPE = YES_ERROR;
				GCC_WARN_UNDECLARED_SELECTOR = YES;
				GCC_WARN_UNINITIALIZED_AUTOS = YES_AGGRESSIVE;
				GCC_WARN_UNUSED_FUNCTION = YES;
				GCC_WARN_UNUSED_VARIABLE = YES;
				IPHONEOS_DEPLOYMENT_TARGET = 13.1;
				MTL_ENABLE_DEBUG_INFO = NO;
				MTL_FAST_MATH = YES;
				SDKROOT = iphoneos;
				SWIFT_COMPILATION_MODE = wholemodule;
				SWIFT_OPTIMIZATION_LEVEL = "-O";
				VALIDATE_PRODUCT = YES;
			};
			name = Release;
		};
		8A8C2EB12366EC850043928D /* Debug */ = {
			isa = XCBuildConfiguration;
			baseConfigurationReference = 7D55C44A10F8F32E82E81BE6 /* Pods-Dota2Api.debug.xcconfig */;
			buildSettings = {
				ASSETCATALOG_COMPILER_APPICON_NAME = AppIcon;
				CODE_SIGN_IDENTITY = "iPhone Developer";
				CODE_SIGN_STYLE = Automatic;
				CURRENT_PROJECT_VERSION = 1;
				DEVELOPMENT_ASSET_PATHS = "";
				DEVELOPMENT_TEAM = 8AUXBABJ48;
				INFOPLIST_FILE = "$(SRCROOT)/Dota2Api/Resources/Info.plist";
				IPHONEOS_DEPLOYMENT_TARGET = 12.0;
				LD_RUNPATH_SEARCH_PATHS = (
					"$(inherited)",
					"@executable_path/Frameworks",
				);
				MARKETING_VERSION = 1.0;
				PRODUCT_BUNDLE_IDENTIFIER = com.alex.Dota2Api;
				PRODUCT_NAME = "$(TARGET_NAME)";
				PROVISIONING_PROFILE_SPECIFIER = "";
				SWIFT_VERSION = 5.0;
				TARGETED_DEVICE_FAMILY = "1,2";
			};
			name = Debug;
		};
		8A8C2EB22366EC850043928D /* Release */ = {
			isa = XCBuildConfiguration;
			baseConfigurationReference = C2160F285C43BF57190D231B /* Pods-Dota2Api.release.xcconfig */;
			buildSettings = {
				ASSETCATALOG_COMPILER_APPICON_NAME = AppIcon;
				CODE_SIGN_IDENTITY = "iPhone Developer";
				CODE_SIGN_STYLE = Automatic;
				CURRENT_PROJECT_VERSION = 1;
				DEVELOPMENT_ASSET_PATHS = "";
				DEVELOPMENT_TEAM = 8AUXBABJ48;
				INFOPLIST_FILE = "$(SRCROOT)/Dota2Api/Resources/Info.plist";
				IPHONEOS_DEPLOYMENT_TARGET = 12.0;
				LD_RUNPATH_SEARCH_PATHS = (
					"$(inherited)",
					"@executable_path/Frameworks",
				);
				MARKETING_VERSION = 1.0;
				PRODUCT_BUNDLE_IDENTIFIER = com.alex.Dota2Api;
				PRODUCT_NAME = "$(TARGET_NAME)";
				PROVISIONING_PROFILE_SPECIFIER = "";
				SWIFT_VERSION = 5.0;
				TARGETED_DEVICE_FAMILY = "1,2";
			};
			name = Release;
		};
/* End XCBuildConfiguration section */

/* Begin XCConfigurationList section */
		8A8C2E972366EC840043928D /* Build configuration list for PBXProject "Dota2Api" */ = {
			isa = XCConfigurationList;
			buildConfigurations = (
				8A8C2EAE2366EC850043928D /* Debug */,
				8A8C2EAF2366EC850043928D /* Release */,
			);
			defaultConfigurationIsVisible = 0;
			defaultConfigurationName = Release;
		};
		8A8C2EB02366EC850043928D /* Build configuration list for PBXNativeTarget "Dota2Api" */ = {
			isa = XCConfigurationList;
			buildConfigurations = (
				8A8C2EB12366EC850043928D /* Debug */,
				8A8C2EB22366EC850043928D /* Release */,
			);
			defaultConfigurationIsVisible = 0;
			defaultConfigurationName = Release;
		};
/* End XCConfigurationList section */
	};
	rootObject = 8A8C2E942366EC840043928D /* Project object */;
}
