PODS:
  - Alamofire (5.0.0-rc.3)
  - KeychainSwift (13.0.0)
  - R.swift (5.0.3):
    - R.swift.Library (~> 5.0.0)
  - R.swift.Library (5.0.1)
  - Realm (3.18.0):
    - Realm/Headers (= 3.18.0)
  - Realm/Headers (3.18.0)
  - RealmSwift (3.18.0):
    - Realm (= 3.18.0)
  - RxCocoa (5.0.0):
    - RxRelay (~> 5)
    - RxSwift (~> 5)
  - RxRelay (5.0.0):
    - RxSwift (~> 5)
  - RxSwift (5.0.0)

DEPENDENCIES:
  - Alamofire (~> 5.0.0-rc.3)
  - KeychainSwift (~> 13.0.0)
  - R.swift (~> 5.0.0)
  - RealmSwift (~> 3.18.0)
  - RxCocoa (~> 5.0.0)
  - RxSwift (~> 5.0.0)

SPEC REPOS:
  https://github.com/CocoaPods/Specs.git:
    - KeychainSwift
    - R.swift
    - R.swift.Library
    - Realm
    - RealmSwift
    - RxCocoa
    - RxRelay
    - RxSwift
  trunk:
    - Alamofire

SPEC CHECKSUMS:
  Alamofire: ca8c0de6906873be89d6deec5c8de279e00bf872
  KeychainSwift: 23d6c16cbc33f20fafa30c3d783241b4b87d998c
  R.swift: f5a87643b91ea569d23d6afb3eee9c743edde239
  R.swift.Library: cfe85d569d9bae6cb262922db130e7c3a7a5fad1
  Realm: 7b3d04740facf45e958a514b466a32b04f1113d6
  RealmSwift: c817b5f374668cf08f649afb05f55d92a787649c
  RxCocoa: fcf32050ac00d801f34a7f71d5e8e7f23026dcd8
  RxRelay: 4f7409406a51a55cd88483f21ed898c234d60f18
  RxSwift: 8b0671caa829a763bbce7271095859121cbd895f

PODFILE CHECKSUM: 47dc8da39402de8da37edb1853cfe0e9ae2c6d29

COCOAPODS: 1.8.4
